
Microsoft Visual Studio Solution File, Format Version 12.00
# Visual Studio Version 16
VisualStudioVersion = 16.0.31424.327
MinimumVisualStudioVersion = 10.0.40219.1
Project("{FAE04EC0-301F-11D3-BF4B-00C04F79EFBC}") = "ConsoleApp", "ConsoleApp\ConsoleApp.csproj", "{6189DA93-3F6D-4EF5-BC2F-8931FDE9F11F}"
EndProject
Global
	GlobalSection(SolutionConfigurationPlatforms) = preSolution
		Debug|Any CPU = Debug|Any CPU
		Release|Any CPU = Release|Any CPU
	EndGlobalSection
	GlobalSection(ProjectConfigurationPlatforms) = postSolution
		{6189DA93-3F6D-4EF5-BC2F-8931FDE9F11F}.Debug|Any CPU.ActiveCfg = Debug|Any CPU
		{6189DA93-3F6D-4EF5-BC2F-8931FDE9F11F}.Debug|Any CPU.Build.0 = Debug|Any CPU
		{6189DA93-3F6D-4EF5-BC2F-8931FDE9F11F}.Release|Any CPU.ActiveCfg = Release|Any CPU
		{6189DA93-3F6D-4EF5-BC2F-8931FDE9F11F}.Release|Any CPU.Build.0 = Release|Any CPU
	EndGlobalSection
	GlobalSection(SolutionProperties) = preSolution
		HideSolutionNode = FALSE
	EndGlobalSection
	GlobalSection(ExtensibilityGlobals) = postSolution
		SolutionGuid = {58B97E71-EFEA-4FE7-A66B-5D4AD5EA8A59}
	EndGlobalSection
EndGlobal
